
Microsoft Visual Studio Solution File, Format Version 12.00
# Visual Studio Version 17
VisualStudioVersion = 17.8.34330.188
MinimumVisualStudioVersion = 10.0.40219.1
Project("{2150E333-8FDC-42A3-9474-1A3956D46DE8}") = "Core", "Core", "{8AFA6707-DBF9-41F6-8A19-829231B2BDF8}"
EndProject
Project("{2150E333-8FDC-42A3-9474-1A3956D46DE8}") = "Infra", "Infra", "{ED2AEA6F-D97B-4530-8014-6D7F2D9C003A}"
EndProject
Project("{2150E333-8FDC-42A3-9474-1A3956D46DE8}") = "Web", "Web", "{EF00D4EA-578A-4475-8A25-C8D641E80AE1}"
EndProject
Project("{9A19103F-16F7-4668-BE54-9A1E7A4F7556}") = "OldBarom.Core.Domain", "OldBarom.Core.Domain\OldBarom.Core.Domain.csproj", "{9AAB3F63-807C-4404-8C60-E1913CE2F9BC}"
EndProject
Project("{9A19103F-16F7-4668-BE54-9A1E7A4F7556}") = "OldBarom.Core.Application", "OldBarom.Core.Application\OldBarom.Core.Application.csproj", "{F4DE4AAB-6802-489E-AEE9-2B73801DCD9C}"
EndProject
Project("{9A19103F-16F7-4668-BE54-9A1E7A4F7556}") = "OldBarom.Infra.IoC", "OldBarom.Infra.IoC\OldBarom.Infra.IoC.csproj", "{4F26B9F2-7522-47AA-AFDE-3D527AFC04DD}"
EndProject
Project("{9A19103F-16F7-4668-BE54-9A1E7A4F7556}") = "OldBarom.Web.API", "OldBarom.Web.API\OldBarom.Web.API.csproj", "{2F3681FE-51CD-49DB-BD2A-E26C4389061B}"
EndProject
Project("{9A19103F-16F7-4668-BE54-9A1E7A4F7556}") = "OldBarom.Infra.Data", "OldBarom.Infra.Data\OldBarom.Infra.Data.csproj", "{A865F0E3-7195-4C8E-8D43-910729D96A1D}"
EndProject
Project("{FAE04EC0-301F-11D3-BF4B-00C04F79EFBC}") = "Playground", "Playground\Playground.csproj", "{8D64292F-B20D-4537-BEFE-FE345123FFAB}"
EndProject
Global
	GlobalSection(SolutionConfigurationPlatforms) = preSolution
		Debug|Any CPU = Debug|Any CPU
		Release|Any CPU = Release|Any CPU
	EndGlobalSection
	GlobalSection(ProjectConfigurationPlatforms) = postSolution
		{9AAB3F63-807C-4404-8C60-E1913CE2F9BC}.Debug|Any CPU.ActiveCfg = Debug|Any CPU
		{9AAB3F63-807C-4404-8C60-E1913CE2F9BC}.Debug|Any CPU.Build.0 = Debug|Any CPU
		{9AAB3F63-807C-4404-8C60-E1913CE2F9BC}.Release|Any CPU.ActiveCfg = Release|Any CPU
		{9AAB3F63-807C-4404-8C60-E1913CE2F9BC}.Release|Any CPU.Build.0 = Release|Any CPU
		{F4DE4AAB-6802-489E-AEE9-2B73801DCD9C}.Debug|Any CPU.ActiveCfg = Debug|Any CPU
		{F4DE4AAB-6802-489E-AEE9-2B73801DCD9C}.Debug|Any CPU.Build.0 = Debug|Any CPU
		{F4DE4AAB-6802-489E-AEE9-2B73801DCD9C}.Release|Any CPU.ActiveCfg = Release|Any CPU
		{F4DE4AAB-6802-489E-AEE9-2B73801DCD9C}.Release|Any CPU.Build.0 = Release|Any CPU
		{4F26B9F2-7522-47AA-AFDE-3D527AFC04DD}.Debug|Any CPU.ActiveCfg = Debug|Any CPU
		{4F26B9F2-7522-47AA-AFDE-3D527AFC04DD}.Debug|Any CPU.Build.0 = Debug|Any CPU
		{4F26B9F2-7522-47AA-AFDE-3D527AFC04DD}.Release|Any CPU.ActiveCfg = Release|Any CPU
		{4F26B9F2-7522-47AA-AFDE-3D527AFC04DD}.Release|Any CPU.Build.0 = Release|Any CPU
		{2F3681FE-51CD-49DB-BD2A-E26C4389061B}.Debug|Any CPU.ActiveCfg = Debug|Any CPU
		{2F3681FE-51CD-49DB-BD2A-E26C4389061B}.Debug|Any CPU.Build.0 = Debug|Any CPU
		{2F3681FE-51CD-49DB-BD2A-E26C4389061B}.Release|Any CPU.ActiveCfg = Release|Any CPU
		{2F3681FE-51CD-49DB-BD2A-E26C4389061B}.Release|Any CPU.Build.0 = Release|Any CPU
		{A865F0E3-7195-4C8E-8D43-910729D96A1D}.Debug|Any CPU.ActiveCfg = Debug|Any CPU
		{A865F0E3-7195-4C8E-8D43-910729D96A1D}.Debug|Any CPU.Build.0 = Debug|Any CPU
		{A865F0E3-7195-4C8E-8D43-910729D96A1D}.Release|Any CPU.ActiveCfg = Release|Any CPU
		{A865F0E3-7195-4C8E-8D43-910729D96A1D}.Release|Any CPU.Build.0 = Release|Any CPU
		{8D64292F-B20D-4537-BEFE-FE345123FFAB}.Debug|Any CPU.ActiveCfg = Debug|Any CPU
		{8D64292F-B20D-4537-BEFE-FE345123FFAB}.Debug|Any CPU.Build.0 = Debug|Any CPU
		{8D64292F-B20D-4537-BEFE-FE345123FFAB}.Release|Any CPU.ActiveCfg = Release|Any CPU
		{8D64292F-B20D-4537-BEFE-FE345123FFAB}.Release|Any CPU.Build.0 = Release|Any CPU
	EndGlobalSection
	GlobalSection(SolutionProperties) = preSolution
		HideSolutionNode = FALSE
	EndGlobalSection
	GlobalSection(NestedProjects) = preSolution
		{9AAB3F63-807C-4404-8C60-E1913CE2F9BC} = {8AFA6707-DBF9-41F6-8A19-829231B2BDF8}
		{F4DE4AAB-6802-489E-AEE9-2B73801DCD9C} = {8AFA6707-DBF9-41F6-8A19-829231B2BDF8}
		{4F26B9F2-7522-47AA-AFDE-3D527AFC04DD} = {ED2AEA6F-D97B-4530-8014-6D7F2D9C003A}
		{2F3681FE-51CD-49DB-BD2A-E26C4389061B} = {EF00D4EA-578A-4475-8A25-C8D641E80AE1}
		{A865F0E3-7195-4C8E-8D43-910729D96A1D} = {ED2AEA6F-D97B-4530-8014-6D7F2D9C003A}
	EndGlobalSection
	GlobalSection(ExtensibilityGlobals) = postSolution
		SolutionGuid = {BFCBE25B-2058-469A-A409-03DB1B1FFAE3}
	EndGlobalSection
EndGlobal
