
Microsoft Visual Studio Solution File, Format Version 12.00
# Visual Studio Version 17
VisualStudioVersion = 17.8.34330.188
MinimumVisualStudioVersion = 10.0.40219.1
Project("{2150E333-8FDC-42A3-9474-1A3956D46DE8}") = "Core", "Core", "{8AFA6707-DBF9-41F6-8A19-829231B2BDF8}"
EndProject
Project("{2150E333-8FDC-42A3-9474-1A3956D46DE8}") = "Infra", "Infra", "{ED2AEA6F-D97B-4530-8014-6D7F2D9C003A}"
EndProject
Project("{2150E333-8FDC-42A3-9474-1A3956D46DE8}") = "Web", "Web", "{EF00D4EA-578A-4475-8A25-C8D641E80AE1}"
EndProject
Project("{9A19103F-16F7-4668-BE54-9A1E7A4F7556}") = "OldBarom.Core.Application", "OldBarom.Core.Application\OldBarom.Core.Application.csproj", "{E8B46E03-3C40-4CDF-8CEA-FFB2A2AC38E5}"
EndProject
Project("{9A19103F-16F7-4668-BE54-9A1E7A4F7556}") = "OldBarom.Core.Domain", "OldBarom.Core.Domain\OldBarom.Core.Domain.csproj", "{EB82885A-3275-4166-84B8-04DA7271EADF}"
EndProject
Project("{9A19103F-16F7-4668-BE54-9A1E7A4F7556}") = "OldBarom.Core.Domain.Test", "OldBarom.Core.Domain.Test\OldBarom.Core.Domain.Test.csproj", "{79791230-F4BA-457F-81B9-6446D54B29DA}"
EndProject
Project("{9A19103F-16F7-4668-BE54-9A1E7A4F7556}") = "OldBarom.Infra.Data", "OldBarom.Infra.Data\OldBarom.Infra.Data.csproj", "{5EA671BF-40B7-4519-80B3-1E94E37AEB2F}"
EndProject
Project("{9A19103F-16F7-4668-BE54-9A1E7A4F7556}") = "OldBarom.Infra.IoC", "OldBarom.Infra.IoC\OldBarom.Infra.IoC.csproj", "{9625849D-5522-4CC7-8B90-C3347128C798}"
EndProject
Project("{9A19103F-16F7-4668-BE54-9A1E7A4F7556}") = "OldBarom.Web.API", "OldBarom.Web.API\OldBarom.Web.API.csproj", "{5335E72C-FD27-4B3E-89BB-357275A16CE0}"
EndProject
Project("{9A19103F-16F7-4668-BE54-9A1E7A4F7556}") = "OldBarom.Web.Portifolio", "OldBarom.Web.Portifolio\OldBarom.Web.Portifolio.csproj", "{25E9650B-19CB-4672-8EA4-3D18BC1ACD8D}"
EndProject
Project("{9A19103F-16F7-4668-BE54-9A1E7A4F7556}") = "OldBarom.Web.Principal", "OldBarom.Web.Principal\OldBarom.Web.Principal.csproj", "{B19CAC1D-D99F-4C38-BA77-3966997E2C98}"
EndProject
Global
	GlobalSection(SolutionConfigurationPlatforms) = preSolution
		Debug|Any CPU = Debug|Any CPU
		Release|Any CPU = Release|Any CPU
	EndGlobalSection
	GlobalSection(ProjectConfigurationPlatforms) = postSolution
		{E8B46E03-3C40-4CDF-8CEA-FFB2A2AC38E5}.Debug|Any CPU.ActiveCfg = Debug|Any CPU
		{E8B46E03-3C40-4CDF-8CEA-FFB2A2AC38E5}.Debug|Any CPU.Build.0 = Debug|Any CPU
		{E8B46E03-3C40-4CDF-8CEA-FFB2A2AC38E5}.Release|Any CPU.ActiveCfg = Release|Any CPU
		{E8B46E03-3C40-4CDF-8CEA-FFB2A2AC38E5}.Release|Any CPU.Build.0 = Release|Any CPU
		{EB82885A-3275-4166-84B8-04DA7271EADF}.Debug|Any CPU.ActiveCfg = Debug|Any CPU
		{EB82885A-3275-4166-84B8-04DA7271EADF}.Debug|Any CPU.Build.0 = Debug|Any CPU
		{EB82885A-3275-4166-84B8-04DA7271EADF}.Release|Any CPU.ActiveCfg = Release|Any CPU
		{EB82885A-3275-4166-84B8-04DA7271EADF}.Release|Any CPU.Build.0 = Release|Any CPU
		{79791230-F4BA-457F-81B9-6446D54B29DA}.Debug|Any CPU.ActiveCfg = Debug|Any CPU
		{79791230-F4BA-457F-81B9-6446D54B29DA}.Debug|Any CPU.Build.0 = Debug|Any CPU
		{79791230-F4BA-457F-81B9-6446D54B29DA}.Release|Any CPU.ActiveCfg = Release|Any CPU
		{79791230-F4BA-457F-81B9-6446D54B29DA}.Release|Any CPU.Build.0 = Release|Any CPU
		{5EA671BF-40B7-4519-80B3-1E94E37AEB2F}.Debug|Any CPU.ActiveCfg = Debug|Any CPU
		{5EA671BF-40B7-4519-80B3-1E94E37AEB2F}.Debug|Any CPU.Build.0 = Debug|Any CPU
		{5EA671BF-40B7-4519-80B3-1E94E37AEB2F}.Release|Any CPU.ActiveCfg = Release|Any CPU
		{5EA671BF-40B7-4519-80B3-1E94E37AEB2F}.Release|Any CPU.Build.0 = Release|Any CPU
		{9625849D-5522-4CC7-8B90-C3347128C798}.Debug|Any CPU.ActiveCfg = Debug|Any CPU
		{9625849D-5522-4CC7-8B90-C3347128C798}.Debug|Any CPU.Build.0 = Debug|Any CPU
		{9625849D-5522-4CC7-8B90-C3347128C798}.Release|Any CPU.ActiveCfg = Release|Any CPU
		{9625849D-5522-4CC7-8B90-C3347128C798}.Release|Any CPU.Build.0 = Release|Any CPU
		{5335E72C-FD27-4B3E-89BB-357275A16CE0}.Debug|Any CPU.ActiveCfg = Debug|Any CPU
		{5335E72C-FD27-4B3E-89BB-357275A16CE0}.Debug|Any CPU.Build.0 = Debug|Any CPU
		{5335E72C-FD27-4B3E-89BB-357275A16CE0}.Release|Any CPU.ActiveCfg = Release|Any CPU
		{5335E72C-FD27-4B3E-89BB-357275A16CE0}.Release|Any CPU.Build.0 = Release|Any CPU
		{25E9650B-19CB-4672-8EA4-3D18BC1ACD8D}.Debug|Any CPU.ActiveCfg = Debug|Any CPU
		{25E9650B-19CB-4672-8EA4-3D18BC1ACD8D}.Debug|Any CPU.Build.0 = Debug|Any CPU
		{25E9650B-19CB-4672-8EA4-3D18BC1ACD8D}.Release|Any CPU.ActiveCfg = Release|Any CPU
		{25E9650B-19CB-4672-8EA4-3D18BC1ACD8D}.Release|Any CPU.Build.0 = Release|Any CPU
		{B19CAC1D-D99F-4C38-BA77-3966997E2C98}.Debug|Any CPU.ActiveCfg = Debug|Any CPU
		{B19CAC1D-D99F-4C38-BA77-3966997E2C98}.Debug|Any CPU.Build.0 = Debug|Any CPU
		{B19CAC1D-D99F-4C38-BA77-3966997E2C98}.Release|Any CPU.ActiveCfg = Release|Any CPU
		{B19CAC1D-D99F-4C38-BA77-3966997E2C98}.Release|Any CPU.Build.0 = Release|Any CPU
	EndGlobalSection
	GlobalSection(SolutionProperties) = preSolution
		HideSolutionNode = FALSE
	EndGlobalSection
	GlobalSection(NestedProjects) = preSolution
		{E8B46E03-3C40-4CDF-8CEA-FFB2A2AC38E5} = {8AFA6707-DBF9-41F6-8A19-829231B2BDF8}
		{EB82885A-3275-4166-84B8-04DA7271EADF} = {8AFA6707-DBF9-41F6-8A19-829231B2BDF8}
		{79791230-F4BA-457F-81B9-6446D54B29DA} = {8AFA6707-DBF9-41F6-8A19-829231B2BDF8}
		{5EA671BF-40B7-4519-80B3-1E94E37AEB2F} = {ED2AEA6F-D97B-4530-8014-6D7F2D9C003A}
		{9625849D-5522-4CC7-8B90-C3347128C798} = {ED2AEA6F-D97B-4530-8014-6D7F2D9C003A}
		{5335E72C-FD27-4B3E-89BB-357275A16CE0} = {EF00D4EA-578A-4475-8A25-C8D641E80AE1}
		{25E9650B-19CB-4672-8EA4-3D18BC1ACD8D} = {EF00D4EA-578A-4475-8A25-C8D641E80AE1}
		{B19CAC1D-D99F-4C38-BA77-3966997E2C98} = {EF00D4EA-578A-4475-8A25-C8D641E80AE1}
	EndGlobalSection
	GlobalSection(ExtensibilityGlobals) = postSolution
		SolutionGuid = {BFCBE25B-2058-469A-A409-03DB1B1FFAE3}
	EndGlobalSection
EndGlobal
